
Microsoft Visual Studio Solution File, Format Version 12.00
# Visual Studio Version 17
VisualStudioVersion = 17.12.35527.113
MinimumVisualStudioVersion = 10.0.40219.1
Project("{2150E333-8FDC-42A3-9474-1A3956D46DE8}") = "src", "src", "{E11FAAE6-8727-4CB9-8F22-6B6AC0939938}"
EndProject
Project("{2150E333-8FDC-42A3-9474-1A3956D46DE8}") = "Building Blocks", "Building Blocks", "{BBE73975-66EB-4311-852F-1B779D4A3A65}"
EndProject
Project("{2150E333-8FDC-42A3-9474-1A3956D46DE8}") = "Services", "Services", "{446D971D-CC8C-4E22-97D1-06DF4E20EAF3}"
EndProject
Project("{2150E333-8FDC-42A3-9474-1A3956D46DE8}") = "Web", "Web", "{4BE0193A-6677-4B8E-A752-7A3A72CA77D7}"
EndProject
Project("{2150E333-8FDC-42A3-9474-1A3956D46DE8}") = "Identidade", "Identidade", "{209AF41C-4192-4E6E-84D0-58DA894D509B}"
EndProject
Project("{FAE04EC0-301F-11D3-BF4B-00C04F79EFBC}") = "NSE.Identidade.API", "src\services\NSE.Identidade.API\NSE.Identidade.API.csproj", "{28E1464F-B69F-4014-9108-147642B8394A}"
EndProject
Project("{FAE04EC0-301F-11D3-BF4B-00C04F79EFBC}") = "NSE.WebApp.MVC", "src\web\NSE.WebApp.MVC\NSE.WebApp.MVC.csproj", "{6ABC3D9C-A8DA-4B64-BEA9-B6C3CFE177CD}"
EndProject
Project("{2150E333-8FDC-42A3-9474-1A3956D46DE8}") = "Core", "Core", "{4529AD1F-868F-4678-BBEF-C73F0627CAF9}"
EndProject
Project("{FAE04EC0-301F-11D3-BF4B-00C04F79EFBC}") = "NSE.Core", "src\building blocks\NSE.Core\NSE.Core.csproj", "{0E5DE2E8-2676-47DA-93E3-4C10DF50D0CF}"
EndProject
Project("{2150E333-8FDC-42A3-9474-1A3956D46DE8}") = "Catalogo", "Catalogo", "{02EA681E-C7D8-13C7-8484-4AC65E1B71E8}"
EndProject
Project("{FAE04EC0-301F-11D3-BF4B-00C04F79EFBC}") = "NSE.Catalogo.API", "src\services\NSE.Catalogo.API\NSE.Catalogo.API.csproj", "{18602C93-2551-47DF-831D-DA5FCE63BDEA}"
EndProject
Project("{2150E333-8FDC-42A3-9474-1A3956D46DE8}") = "Services", "Services", "{B5D62323-1790-487B-8DD1-D2EE857D3C89}"
EndProject
Project("{FAE04EC0-301F-11D3-BF4B-00C04F79EFBC}") = "NSE.WebAPI.Core", "src\building blocks\NSE.WebAPI.Core\NSE.WebAPI.Core.csproj", "{7064E6DF-9D6D-4295-8332-783826AAE549}"
EndProject
Global
	GlobalSection(SolutionConfigurationPlatforms) = preSolution
		Debug|Any CPU = Debug|Any CPU
		Release|Any CPU = Release|Any CPU
	EndGlobalSection
	GlobalSection(ProjectConfigurationPlatforms) = postSolution
		{28E1464F-B69F-4014-9108-147642B8394A}.Debug|Any CPU.ActiveCfg = Debug|Any CPU
		{28E1464F-B69F-4014-9108-147642B8394A}.Debug|Any CPU.Build.0 = Debug|Any CPU
		{28E1464F-B69F-4014-9108-147642B8394A}.Release|Any CPU.ActiveCfg = Release|Any CPU
		{28E1464F-B69F-4014-9108-147642B8394A}.Release|Any CPU.Build.0 = Release|Any CPU
		{6ABC3D9C-A8DA-4B64-BEA9-B6C3CFE177CD}.Debug|Any CPU.ActiveCfg = Debug|Any CPU
		{6ABC3D9C-A8DA-4B64-BEA9-B6C3CFE177CD}.Debug|Any CPU.Build.0 = Debug|Any CPU
		{6ABC3D9C-A8DA-4B64-BEA9-B6C3CFE177CD}.Release|Any CPU.ActiveCfg = Release|Any CPU
		{6ABC3D9C-A8DA-4B64-BEA9-B6C3CFE177CD}.Release|Any CPU.Build.0 = Release|Any CPU
		{0E5DE2E8-2676-47DA-93E3-4C10DF50D0CF}.Debug|Any CPU.ActiveCfg = Debug|Any CPU
		{0E5DE2E8-2676-47DA-93E3-4C10DF50D0CF}.Debug|Any CPU.Build.0 = Debug|Any CPU
		{0E5DE2E8-2676-47DA-93E3-4C10DF50D0CF}.Release|Any CPU.ActiveCfg = Release|Any CPU
		{0E5DE2E8-2676-47DA-93E3-4C10DF50D0CF}.Release|Any CPU.Build.0 = Release|Any CPU
		{18602C93-2551-47DF-831D-DA5FCE63BDEA}.Debug|Any CPU.ActiveCfg = Debug|Any CPU
		{18602C93-2551-47DF-831D-DA5FCE63BDEA}.Debug|Any CPU.Build.0 = Debug|Any CPU
		{18602C93-2551-47DF-831D-DA5FCE63BDEA}.Release|Any CPU.ActiveCfg = Release|Any CPU
		{18602C93-2551-47DF-831D-DA5FCE63BDEA}.Release|Any CPU.Build.0 = Release|Any CPU
		{7064E6DF-9D6D-4295-8332-783826AAE549}.Debug|Any CPU.ActiveCfg = Debug|Any CPU
		{7064E6DF-9D6D-4295-8332-783826AAE549}.Debug|Any CPU.Build.0 = Debug|Any CPU
		{7064E6DF-9D6D-4295-8332-783826AAE549}.Release|Any CPU.ActiveCfg = Release|Any CPU
		{7064E6DF-9D6D-4295-8332-783826AAE549}.Release|Any CPU.Build.0 = Release|Any CPU
	EndGlobalSection
	GlobalSection(SolutionProperties) = preSolution
		HideSolutionNode = FALSE
	EndGlobalSection
	GlobalSection(NestedProjects) = preSolution
		{BBE73975-66EB-4311-852F-1B779D4A3A65} = {E11FAAE6-8727-4CB9-8F22-6B6AC0939938}
		{446D971D-CC8C-4E22-97D1-06DF4E20EAF3} = {E11FAAE6-8727-4CB9-8F22-6B6AC0939938}
		{4BE0193A-6677-4B8E-A752-7A3A72CA77D7} = {E11FAAE6-8727-4CB9-8F22-6B6AC0939938}
		{209AF41C-4192-4E6E-84D0-58DA894D509B} = {446D971D-CC8C-4E22-97D1-06DF4E20EAF3}
		{28E1464F-B69F-4014-9108-147642B8394A} = {209AF41C-4192-4E6E-84D0-58DA894D509B}
		{6ABC3D9C-A8DA-4B64-BEA9-B6C3CFE177CD} = {4BE0193A-6677-4B8E-A752-7A3A72CA77D7}
		{4529AD1F-868F-4678-BBEF-C73F0627CAF9} = {BBE73975-66EB-4311-852F-1B779D4A3A65}
		{0E5DE2E8-2676-47DA-93E3-4C10DF50D0CF} = {4529AD1F-868F-4678-BBEF-C73F0627CAF9}
		{02EA681E-C7D8-13C7-8484-4AC65E1B71E8} = {446D971D-CC8C-4E22-97D1-06DF4E20EAF3}
		{18602C93-2551-47DF-831D-DA5FCE63BDEA} = {02EA681E-C7D8-13C7-8484-4AC65E1B71E8}
		{B5D62323-1790-487B-8DD1-D2EE857D3C89} = {BBE73975-66EB-4311-852F-1B779D4A3A65}
		{7064E6DF-9D6D-4295-8332-783826AAE549} = {B5D62323-1790-487B-8DD1-D2EE857D3C89}
	EndGlobalSection
	GlobalSection(ExtensibilityGlobals) = postSolution
		SolutionGuid = {8CD1FAAD-FD27-4C4C-AF2C-7928B261AEC5}
	EndGlobalSection
EndGlobal
